
Microsoft Visual Studio Solution File, Format Version 12.00
# Visual Studio Version 16
VisualStudioVersion = 16.0.31515.178
MinimumVisualStudioVersion = 10.0.40219.1
Project("{FAE04EC0-301F-11D3-BF4B-00C04F79EFBC}") = "akamai-cps-orchestrator", "akamai-cps-orchestrator\akamai-cps-orchestrator.csproj", "{7393D325-49AA-48FA-AF31-C0807A414168}"
EndProject
Project("{FAE04EC0-301F-11D3-BF4B-00C04F79EFBC}") = "http-interface", "http-interface\http-interface.csproj", "{C43887FD-287A-4A69-9777-F7895CCFE44F}"
EndProject
Global
	GlobalSection(SolutionConfigurationPlatforms) = preSolution
		Debug|Any CPU = Debug|Any CPU
		Release|Any CPU = Release|Any CPU
	EndGlobalSection
	GlobalSection(ProjectConfigurationPlatforms) = postSolution
		{7393D325-49AA-48FA-AF31-C0807A414168}.Debug|Any CPU.ActiveCfg = Debug|Any CPU
		{7393D325-49AA-48FA-AF31-C0807A414168}.Debug|Any CPU.Build.0 = Debug|Any CPU
		{7393D325-49AA-48FA-AF31-C0807A414168}.Release|Any CPU.ActiveCfg = Release|Any CPU
		{7393D325-49AA-48FA-AF31-C0807A414168}.Release|Any CPU.Build.0 = Release|Any CPU
		{C43887FD-287A-4A69-9777-F7895CCFE44F}.Debug|Any CPU.ActiveCfg = Debug|Any CPU
		{C43887FD-287A-4A69-9777-F7895CCFE44F}.Debug|Any CPU.Build.0 = Debug|Any CPU
		{C43887FD-287A-4A69-9777-F7895CCFE44F}.Release|Any CPU.ActiveCfg = Release|Any CPU
		{C43887FD-287A-4A69-9777-F7895CCFE44F}.Release|Any CPU.Build.0 = Release|Any CPU
	EndGlobalSection
	GlobalSection(SolutionProperties) = preSolution
		HideSolutionNode = FALSE
	EndGlobalSection
	GlobalSection(ExtensibilityGlobals) = postSolution
		SolutionGuid = {C851E932-4FDA-4BCF-A048-5F89DDD14106}
	EndGlobalSection
EndGlobal
